// !$*UTF8*$!
{
	archiveVersion = 1;
	classes = {
	};
	objectVersion = 46;
	objects = {

/* Begin PBXBuildFile section */
		EBE9BAC81A0E4E1D00B406EC /* main.m in Sources */ = {isa = PBXBuildFile; fileRef = EBE9BAC71A0E4E1D00B406EC /* main.m */; };
		EBE9BACB1A0E4E1D00B406EC /* AppDelegate.m in Sources */ = {isa = PBXBuildFile; fileRef = EBE9BACA1A0E4E1D00B406EC /* AppDelegate.m */; };
		EBE9BACE1A0E4E1D00B406EC /* makeOrderBaseball_sample.xcdatamodeld in Sources */ = {isa = PBXBuildFile; fileRef = EBE9BACC1A0E4E1D00B406EC /* makeOrderBaseball_sample.xcdatamodeld */; };
		EBE9BAD11A0E4E1D00B406EC /* ViewController.m in Sources */ = {isa = PBXBuildFile; fileRef = EBE9BAD01A0E4E1D00B406EC /* ViewController.m */; };
		EBE9BAD41A0E4E1D00B406EC /* Main.storyboard in Resources */ = {isa = PBXBuildFile; fileRef = EBE9BAD21A0E4E1D00B406EC /* Main.storyboard */; };
		EBE9BAD61A0E4E1D00B406EC /* Images.xcassets in Resources */ = {isa = PBXBuildFile; fileRef = EBE9BAD51A0E4E1D00B406EC /* Images.xcassets */; };
		EBE9BAD91A0E4E1D00B406EC /* LaunchScreen.xib in Resources */ = {isa = PBXBuildFile; fileRef = EBE9BAD71A0E4E1D00B406EC /* LaunchScreen.xib */; };
		EBE9BAE51A0E4E1D00B406EC /* makeOrderBaseball_sampleTests.m in Sources */ = {isa = PBXBuildFile; fileRef = EBE9BAE41A0E4E1D00B406EC /* makeOrderBaseball_sampleTests.m */; };
/* End PBXBuildFile section */

/* Begin PBXContainerItemProxy section */
		EBE9BADF1A0E4E1D00B406EC /* PBXContainerItemProxy */ = {
			isa = PBXContainerItemProxy;
			containerPortal = EBE9BABA1A0E4E1D00B406EC /* Project object */;
			proxyType = 1;
			remoteGlobalIDString = EBE9BAC11A0E4E1D00B406EC;
			remoteInfo = makeOrderBaseball_sample;
		};
/* End PBXContainerItemProxy section */

/* Begin PBXFileReference section */
		EBE9BAC21A0E4E1D00B406EC /* makeOrderBaseball_sample.app */ = {isa = PBXFileReference; explicitFileType = wrapper.application; includeInIndex = 0; path = makeOrderBaseball_sample.app; sourceTree = BUILT_PRODUCTS_DIR; };
		EBE9BAC61A0E4E1D00B406EC /* Info.plist */ = {isa = PBXFileReference; lastKnownFileType = text.plist.xml; path = Info.plist; sourceTree = "<group>"; };
		EBE9BAC71A0E4E1D00B406EC /* main.m */ = {isa = PBXFileReference; lastKnownFileType = sourcecode.c.objc; path = main.m; sourceTree = "<group>"; };
		EBE9BAC91A0E4E1D00B406EC /* AppDelegate.h */ = {isa = PBXFileReference; lastKnownFileType = sourcecode.c.h; path = AppDelegate.h; sourceTree = "<group>"; };
		EBE9BACA1A0E4E1D00B406EC /* AppDelegate.m */ = {isa = PBXFileReference; lastKnownFileType = sourcecode.c.objc; path = AppDelegate.m; sourceTree = "<group>"; };
		EBE9BACD1A0E4E1D00B406EC /* makeOrderBaseball_sample.xcdatamodel */ = {isa = PBXFileReference; lastKnownFileType = wrapper.xcdatamodel; path = makeOrderBaseball_sample.xcdatamodel; sourceTree = "<group>"; };
		EBE9BACF1A0E4E1D00B406EC /* ViewController.h */ = {isa = PBXFileReference; lastKnownFileType = sourcecode.c.h; path = ViewController.h; sourceTree = "<group>"; };
		EBE9BAD01A0E4E1D00B406EC /* ViewController.m */ = {isa = PBXFileReference; lastKnownFileType = sourcecode.c.objc; path = ViewController.m; sourceTree = "<group>"; };
		EBE9BAD31A0E4E1D00B406EC /* Base */ = {isa = PBXFileReference; lastKnownFileType = file.storyboard; name = Base; path = Base.lproj/Main.storyboard; sourceTree = "<group>"; };
		EBE9BAD51A0E4E1D00B406EC /* Images.xcassets */ = {isa = PBXFileReference; lastKnownFileType = folder.assetcatalog; path = Images.xcassets; sourceTree = "<group>"; };
		EBE9BAD81A0E4E1D00B406EC /* Base */ = {isa = PBXFileReference; lastKnownFileType = file.xib; name = Base; path = Base.lproj/LaunchScreen.xib; sourceTree = "<group>"; };
		EBE9BADE1A0E4E1D00B406EC /* makeOrderBaseball_sampleTests.xctest */ = {isa = PBXFileReference; explicitFileType = wrapper.cfbundle; includeInIndex = 0; path = makeOrderBaseball_sampleTests.xctest; sourceTree = BUILT_PRODUCTS_DIR; };
		EBE9BAE31A0E4E1D00B406EC /* Info.plist */ = {isa = PBXFileReference; lastKnownFileType = text.plist.xml; path = Info.plist; sourceTree = "<group>"; };
		EBE9BAE41A0E4E1D00B406EC /* makeOrderBaseball_sampleTests.m */ = {isa = PBXFileReference; lastKnownFileType = sourcecode.c.objc; path = makeOrderBaseball_sampleTests.m; sourceTree = "<group>"; };
/* End PBXFileReference section */

/* Begin PBXFrameworksBuildPhase section */
		EBE9BABF1A0E4E1D00B406EC /* Frameworks */ = {
			isa = PBXFrameworksBuildPhase;
			buildActionMask = 2147483647;
			files = (
			);
			runOnlyForDeploymentPostprocessing = 0;
		};
		EBE9BADB1A0E4E1D00B406EC /* Frameworks */ = {
			isa = PBXFrameworksBuildPhase;
			buildActionMask = 2147483647;
			files = (
			);
			runOnlyForDeploymentPostprocessing = 0;
		};
/* End PBXFrameworksBuildPhase section */

/* Begin PBXGroup section */
		EBE9BAB91A0E4E1D00B406EC = {
			isa = PBXGroup;
			children = (
				EBE9BAC41A0E4E1D00B406EC /* makeOrderBaseball_sample */,
				EBE9BAE11A0E4E1D00B406EC /* makeOrderBaseball_sampleTests */,
				EBE9BAC31A0E4E1D00B406EC /* Products */,
			);
			sourceTree = "<group>";
		};
		EBE9BAC31A0E4E1D00B406EC /* Products */ = {
			isa = PBXGroup;
			children = (
				EBE9BAC21A0E4E1D00B406EC /* makeOrderBaseball_sample.app */,
				EBE9BADE1A0E4E1D00B406EC /* makeOrderBaseball_sampleTests.xctest */,
			);
			name = Products;
			sourceTree = "<group>";
		};
		EBE9BAC41A0E4E1D00B406EC /* makeOrderBaseball_sample */ = {
			isa = PBXGroup;
			children = (
				EBE9BAC91A0E4E1D00B406EC /* AppDelegate.h */,
				EBE9BACA1A0E4E1D00B406EC /* AppDelegate.m */,
				EBE9BACF1A0E4E1D00B406EC /* ViewController.h */,
				EBE9BAD01A0E4E1D00B406EC /* ViewController.m */,
				EBE9BAD21A0E4E1D00B406EC /* Main.storyboard */,
				EBE9BAD51A0E4E1D00B406EC /* Images.xcassets */,
				EBE9BAD71A0E4E1D00B406EC /* LaunchScreen.xib */,
				EBE9BACC1A0E4E1D00B406EC /* makeOrderBaseball_sample.xcdatamodeld */,
				EBE9BAC51A0E4E1D00B406EC /* Supporting Files */,
			);
			path = makeOrderBaseball_sample;
			sourceTree = "<group>";
		};
		EBE9BAC51A0E4E1D00B406EC /* Supporting Files */ = {
			isa = PBXGroup;
			children = (
				EBE9BAC61A0E4E1D00B406EC /* Info.plist */,
				EBE9BAC71A0E4E1D00B406EC /* main.m */,
			);
			name = "Supporting Files";
			sourceTree = "<group>";
		};
		EBE9BAE11A0E4E1D00B406EC /* makeOrderBaseball_sampleTests */ = {
			isa = PBXGroup;
			children = (
				EBE9BAE41A0E4E1D00B406EC /* makeOrderBaseball_sampleTests.m */,
				EBE9BAE21A0E4E1D00B406EC /* Supporting Files */,
			);
			path = makeOrderBaseball_sampleTests;
			sourceTree = "<group>";
		};
		EBE9BAE21A0E4E1D00B406EC /* Supporting Files */ = {
			isa = PBXGroup;
			children = (
				EBE9BAE31A0E4E1D00B406EC /* Info.plist */,
			);
			name = "Supporting Files";
			sourceTree = "<group>";
		};
/* End PBXGroup section */

/* Begin PBXNativeTarget section */
		EBE9BAC11A0E4E1D00B406EC /* makeOrderBaseball_sample */ = {
			isa = PBXNativeTarget;
			buildConfigurationList = EBE9BAE81A0E4E1D00B406EC /* Build configuration list for PBXNativeTarget "makeOrderBaseball_sample" */;
			buildPhases = (
				EBE9BABE1A0E4E1D00B406EC /* Sources */,
				EBE9BABF1A0E4E1D00B406EC /* Frameworks */,
				EBE9BAC01A0E4E1D00B406EC /* Resources */,
			);
			buildRules = (
			);
			dependencies = (
			);
			name = makeOrderBaseball_sample;
			productName = makeOrderBaseball_sample;
			productReference = EBE9BAC21A0E4E1D00B406EC /* makeOrderBaseball_sample.app */;
			productType = "com.apple.product-type.application";
		};
		EBE9BADD1A0E4E1D00B406EC /* makeOrderBaseball_sampleTests */ = {
			isa = PBXNativeTarget;
			buildConfigurationList = EBE9BAEB1A0E4E1D00B406EC /* Build configuration list for PBXNativeTarget "makeOrderBaseball_sampleTests" */;
			buildPhases = (
				EBE9BADA1A0E4E1D00B406EC /* Sources */,
				EBE9BADB1A0E4E1D00B406EC /* Frameworks */,
				EBE9BADC1A0E4E1D00B406EC /* Resources */,
			);
			buildRules = (
			);
			dependencies = (
				EBE9BAE01A0E4E1D00B406EC /* PBXTargetDependency */,
			);
			name = makeOrderBaseball_sampleTests;
			productName = makeOrderBaseball_sampleTests;
			productReference = EBE9BADE1A0E4E1D00B406EC /* makeOrderBaseball_sampleTests.xctest */;
			productType = "com.apple.product-type.bundle.unit-test";
		};
/* End PBXNativeTarget section */

/* Begin PBXProject section */
		EBE9BABA1A0E4E1D00B406EC /* Project object */ = {
			isa = PBXProject;
			attributes = {
				LastUpgradeCheck = 0610;
				ORGANIZATIONNAME = "寺尾光司";
				TargetAttributes = {
					EBE9BAC11A0E4E1D00B406EC = {
						CreatedOnToolsVersion = 6.1;
					};
					EBE9BADD1A0E4E1D00B406EC = {
						CreatedOnToolsVersion = 6.1;
						TestTargetID = EBE9BAC11A0E4E1D00B406EC;
					};
				};
			};
			buildConfigurationList = EBE9BABD1A0E4E1D00B406EC /* Build configuration list for PBXProject "makeOrderBaseball_sample" */;
			compatibilityVersion = "Xcode 3.2";
			developmentRegion = English;
			hasScannedForEncodings = 0;
			knownRegions = (
				en,
				Base,
			);
			mainGroup = EBE9BAB91A0E4E1D00B406EC;
			productRefGroup = EBE9BAC31A0E4E1D00B406EC /* Products */;
			projectDirPath = "";
			projectRoot = "";
			targets = (
				EBE9BAC11A0E4E1D00B406EC /* makeOrderBaseball_sample */,
				EBE9BADD1A0E4E1D00B406EC /* makeOrderBaseball_sampleTests */,
			);
		};
/* End PBXProject section */

/* Begin PBXResourcesBuildPhase section */
		EBE9BAC01A0E4E1D00B406EC /* Resources */ = {
			isa = PBXResourcesBuildPhase;
			buildActionMask = 2147483647;
			files = (
				EBE9BAD41A0E4E1D00B406EC /* Main.storyboard in Resources */,
				EBE9BAD91A0E4E1D00B406EC /* LaunchScreen.xib in Resources */,
				EBE9BAD61A0E4E1D00B406EC /* Images.xcassets in Resources */,
			);
			runOnlyForDeploymentPostprocessing = 0;
		};
		EBE9BADC1A0E4E1D00B406EC /* Resources */ = {
			isa = PBXResourcesBuildPhase;
			buildActionMask = 2147483647;
			files = (
			);
			runOnlyForDeploymentPostprocessing = 0;
		};
/* End PBXResourcesBuildPhase section */

/* Begin PBXSourcesBuildPhase section */
		EBE9BABE1A0E4E1D00B406EC /* Sources */ = {
			isa = PBXSourcesBuildPhase;
			buildActionMask = 2147483647;
			files = (
				EBE9BACE1A0E4E1D00B406EC /* makeOrderBaseball_sample.xcdatamodeld in Sources */,
				EBE9BACB1A0E4E1D00B406EC /* AppDelegate.m in Sources */,
				EBE9BAD11A0E4E1D00B406EC /* ViewController.m in Sources */,
				EBE9BAC81A0E4E1D00B406EC /* main.m in Sources */,
			);
			runOnlyForDeploymentPostprocessing = 0;
		};
		EBE9BADA1A0E4E1D00B406EC /* Sources */ = {
			isa = PBXSourcesBuildPhase;
			buildActionMask = 2147483647;
			files = (
				EBE9BAE51A0E4E1D00B406EC /* makeOrderBaseball_sampleTests.m in Sources */,
			);
			runOnlyForDeploymentPostprocessing = 0;
		};
/* End PBXSourcesBuildPhase section */

/* Begin PBXTargetDependency section */
		EBE9BAE01A0E4E1D00B406EC /* PBXTargetDependency */ = {
			isa = PBXTargetDependency;
			target = EBE9BAC11A0E4E1D00B406EC /* makeOrderBaseball_sample */;
			targetProxy = EBE9BADF1A0E4E1D00B406EC /* PBXContainerItemProxy */;
		};
/* End PBXTargetDependency section */

/* Begin PBXVariantGroup section */
		EBE9BAD21A0E4E1D00B406EC /* Main.storyboard */ = {
			isa = PBXVariantGroup;
			children = (
				EBE9BAD31A0E4E1D00B406EC /* Base */,
			);
			name = Main.storyboard;
			sourceTree = "<group>";
		};
		EBE9BAD71A0E4E1D00B406EC /* LaunchScreen.xib */ = {
			isa = PBXVariantGroup;
			children = (
				EBE9BAD81A0E4E1D00B406EC /* Base */,
			);
			name = LaunchScreen.xib;
			sourceTree = "<group>";
		};
/* End PBXVariantGroup section */

/* Begin XCBuildConfiguration section */
		EBE9BAE61A0E4E1D00B406EC /* Debug */ = {
			isa = XCBuildConfiguration;
			buildSettings = {
				ALWAYS_SEARCH_USER_PATHS = NO;
				CLANG_CXX_LANGUAGE_STANDARD = "gnu++0x";
				CLANG_CXX_LIBRARY = "libc++";
				CLANG_ENABLE_MODULES = YES;
				CLANG_ENABLE_OBJC_ARC = YES;
				CLANG_WARN_BOOL_CONVERSION = YES;
				CLANG_WARN_CONSTANT_CONVERSION = YES;
				CLANG_WARN_DIRECT_OBJC_ISA_USAGE = YES_ERROR;
				CLANG_WARN_EMPTY_BODY = YES;
				CLANG_WARN_ENUM_CONVERSION = YES;
				CLANG_WARN_INT_CONVERSION = YES;
				CLANG_WARN_OBJC_ROOT_CLASS = YES_ERROR;
				CLANG_WARN_UNREACHABLE_CODE = YES;
				CLANG_WARN__DUPLICATE_METHOD_MATCH = YES;
				"CODE_SIGN_IDENTITY[sdk=iphoneos*]" = "iPhone Developer";
				COPY_PHASE_STRIP = NO;
				ENABLE_STRICT_OBJC_MSGSEND = YES;
				GCC_C_LANGUAGE_STANDARD = gnu99;
				GCC_DYNAMIC_NO_PIC = NO;
				GCC_OPTIMIZATION_LEVEL = 0;
				GCC_PREPROCESSOR_DEFINITIONS = (
					"DEBUG=1",
					"$(inherited)",
				);
				GCC_SYMBOLS_PRIVATE_EXTERN = NO;
				GCC_WARN_64_TO_32_BIT_CONVERSION = YES;
				GCC_WARN_ABOUT_RETURN_TYPE = YES_ERROR;
				GCC_WARN_UNDECLARED_SELECTOR = YES;
				GCC_WARN_UNINITIALIZED_AUTOS = YES_AGGRESSIVE;
				GCC_WARN_UNUSED_FUNCTION = YES;
				GCC_WARN_UNUSED_VARIABLE = YES;
				IPHONEOS_DEPLOYMENT_TARGET = 8.1;
				MTL_ENABLE_DEBUG_INFO = YES;
				ONLY_ACTIVE_ARCH = YES;
				SDKROOT = iphoneos;
			};
			name = Debug;
		};
		EBE9BAE71A0E4E1D00B406EC /* Release */ = {
			isa = XCBuildConfiguration;
			buildSettings = {
				ALWAYS_SEARCH_USER_PATHS = NO;
				CLANG_CXX_LANGUAGE_STANDARD = "gnu++0x";
				CLANG_CXX_LIBRARY = "libc++";
				CLANG_ENABLE_MODULES = YES;
				CLANG_ENABLE_OBJC_ARC = YES;
				CLANG_WARN_BOOL_CONVERSION = YES;
				CLANG_WARN_CONSTANT_CONVERSION = YES;
				CLANG_WARN_DIRECT_OBJC_ISA_USAGE = YES_ERROR;
				CLANG_WARN_EMPTY_BODY = YES;
				CLANG_WARN_ENUM_CONVERSION = YES;
				CLANG_WARN_INT_CONVERSION = YES;
				CLANG_WARN_OBJC_ROOT_CLASS = YES_ERROR;
				CLANG_WARN_UNREACHABLE_CODE = YES;
				CLANG_WARN__DUPLICATE_METHOD_MATCH = YES;
				"CODE_SIGN_IDENTITY[sdk=iphoneos*]" = "iPhone Developer";
				COPY_PHASE_STRIP = YES;
				ENABLE_NS_ASSERTIONS = NO;
				ENABLE_STRICT_OBJC_MSGSEND = YES;
				GCC_C_LANGUAGE_STANDARD = gnu99;
				GCC_WARN_64_TO_32_BIT_CONVERSION = YES;
				GCC_WARN_ABOUT_RETURN_TYPE = YES_ERROR;
				GCC_WARN_UNDECLARED_SELECTOR = YES;
				GCC_WARN_UNINITIALIZED_AUTOS = YES_AGGRESSIVE;
				GCC_WARN_UNUSED_FUNCTION = YES;
				GCC_WARN_UNUSED_VARIABLE = YES;
				IPHONEOS_DEPLOYMENT_TARGET = 8.1;
				MTL_ENABLE_DEBUG_INFO = NO;
				SDKROOT = iphoneos;
				VALIDATE_PRODUCT = YES;
			};
			name = Release;
		};
		EBE9BAE91A0E4E1D00B406EC /* Debug */ = {
			isa = XCBuildConfiguration;
			buildSettings = {
				ASSETCATALOG_COMPILER_APPICON_NAME = AppIcon;
				INFOPLIST_FILE = makeOrderBaseball_sample/Info.plist;
				LD_RUNPATH_SEARCH_PATHS = "$(inherited) @executable_path/Frameworks";
				PRODUCT_NAME = "$(TARGET_NAME)";
			};
			name = Debug;
		};
		EBE9BAEA1A0E4E1D00B406EC /* Release */ = {
			isa = XCBuildConfiguration;
			buildSettings = {
				ASSETCATALOG_COMPILER_APPICON_NAME = AppIcon;
				INFOPLIST_FILE = makeOrderBaseball_sample/Info.plist;
				LD_RUNPATH_SEARCH_PATHS = "$(inherited) @executable_path/Frameworks";
				PRODUCT_NAME = "$(TARGET_NAME)";
			};
			name = Release;
		};
		EBE9BAEC1A0E4E1D00B406EC /* Debug */ = {
			isa = XCBuildConfiguration;
			buildSettings = {
				BUNDLE_LOADER = "$(TEST_HOST)";
				FRAMEWORK_SEARCH_PATHS = (
					"$(SDKROOT)/Developer/Library/Frameworks",
					"$(inherited)",
				);
				GCC_PREPROCESSOR_DEFINITIONS = (
					"DEBUG=1",
					"$(inherited)",
				);
				INFOPLIST_FILE = makeOrderBaseball_sampleTests/Info.plist;
				LD_RUNPATH_SEARCH_PATHS = "$(inherited) @executable_path/Frameworks @loader_path/Frameworks";
				PRODUCT_NAME = "$(TARGET_NAME)";
				TEST_HOST = "$(BUILT_PRODUCTS_DIR)/makeOrderBaseball_sample.app/makeOrderBaseball_sample";
			};
			name = Debug;
		};
		EBE9BAED1A0E4E1D00B406EC /* Release */ = {
			isa = XCBuildConfiguration;
			buildSettings = {
				BUNDLE_LOADER = "$(TEST_HOST)";
				FRAMEWORK_SEARCH_PATHS = (
					"$(SDKROOT)/Developer/Library/Frameworks",
					"$(inherited)",
				);
				INFOPLIST_FILE = makeOrderBaseball_sampleTests/Info.plist;
				LD_RUNPATH_SEARCH_PATHS = "$(inherited) @executable_path/Frameworks @loader_path/Frameworks";
				PRODUCT_NAME = "$(TARGET_NAME)";
				TEST_HOST = "$(BUILT_PRODUCTS_DIR)/makeOrderBaseball_sample.app/makeOrderBaseball_sample";
			};
			name = Release;
		};
/* End XCBuildConfiguration section */

/* Begin XCConfigurationList section */
		EBE9BABD1A0E4E1D00B406EC /* Build configuration list for PBXProject "makeOrderBaseball_sample" */ = {
			isa = XCConfigurationList;
			buildConfigurations = (
				EBE9BAE61A0E4E1D00B406EC /* Debug */,
				EBE9BAE71A0E4E1D00B406EC /* Release */,
			);
			defaultConfigurationIsVisible = 0;
			defaultConfigurationName = Release;
		};
		EBE9BAE81A0E4E1D00B406EC /* Build configuration list for PBXNativeTarget "makeOrderBaseball_sample" */ = {
			isa = XCConfigurationList;
			buildConfigurations = (
				EBE9BAE91A0E4E1D00B406EC /* Debug */,
				EBE9BAEA1A0E4E1D00B406EC /* Release */,
			);
			defaultConfigurationIsVisible = 0;
		};
		EBE9BAEB1A0E4E1D00B406EC /* Build configuration list for PBXNativeTarget "makeOrderBaseball_sampleTests" */ = {
			isa = XCConfigurationList;
			buildConfigurations = (
				EBE9BAEC1A0E4E1D00B406EC /* Debug */,
				EBE9BAED1A0E4E1D00B406EC /* Release */,
			);
			defaultConfigurationIsVisible = 0;
		};
/* End XCConfigurationList section */

/* Begin XCVersionGroup section */
		EBE9BACC1A0E4E1D00B406EC /* makeOrderBaseball_sample.xcdatamodeld */ = {
			isa = XCVersionGroup;
			children = (
				EBE9BACD1A0E4E1D00B406EC /* makeOrderBaseball_sample.xcdatamodel */,
			);
			currentVersion = EBE9BACD1A0E4E1D00B406EC /* makeOrderBaseball_sample.xcdatamodel */;
			path = makeOrderBaseball_sample.xcdatamodeld;
			sourceTree = "<group>";
			versionGroupType = wrapper.xcdatamodel;
		};
/* End XCVersionGroup section */
	};
	rootObject = EBE9BABA1A0E4E1D00B406EC /* Project object */;
}
